// !$*UTF8*$!
{
	archiveVersion = 1;
	classes = {
	};
	objectVersion = 46;
	objects = {

/* Begin PBXBuildFile section */
		D16838FD17E9D5A7003BA41F /* GameObject.cpp in Sources */ = {isa = PBXBuildFile; fileRef = D16838FB17E9D5A7003BA41F /* GameObject.cpp */; };
		D168390017E9D5D7003BA41F /* GameShip.cpp in Sources */ = {isa = PBXBuildFile; fileRef = D16838FE17E9D5D6003BA41F /* GameShip.cpp */; };
		D168390317E9D5E6003BA41F /* GameAsteroid.cpp in Sources */ = {isa = PBXBuildFile; fileRef = D168390117E9D5E5003BA41F /* GameAsteroid.cpp */; };
		D168390617E9D8E9003BA41F /* SimpleWireframeObject.cpp in Sources */ = {isa = PBXBuildFile; fileRef = D168390417E9D8E9003BA41F /* SimpleWireframeObject.cpp */; };
		D168390F17E9DC30003BA41F /* ObjectBehaviourModel.cpp in Sources */ = {isa = PBXBuildFile; fileRef = D168390917E9DC30003BA41F /* ObjectBehaviourModel.cpp */; };
		D168391117E9DC30003BA41F /* StaticObjectBehaviorModel.cpp in Sources */ = {isa = PBXBuildFile; fileRef = D168390D17E9DC30003BA41F /* StaticObjectBehaviorModel.cpp */; };
		D168391417E9E263003BA41F /* GameController.cpp in Sources */ = {isa = PBXBuildFile; fileRef = D168391217E9E261003BA41F /* GameController.cpp */; };
		D168391917E9FCC5003BA41F /* GameShipBullet.cpp in Sources */ = {isa = PBXBuildFile; fileRef = D168391717E9FCC2003BA41F /* GameShipBullet.cpp */; };
		D168391C17E9FDB0003BA41F /* ObjectControlledBehaviorModel.cpp in Sources */ = {isa = PBXBuildFile; fileRef = D168391A17E9FDAD003BA41F /* ObjectControlledBehaviorModel.cpp */; };
		D168392017EA03AD003BA41F /* EngineWireframe.cpp in Sources */ = {isa = PBXBuildFile; fileRef = D168391E17EA03AD003BA41F /* EngineWireframe.cpp */; };
		D168392517EA16DA003BA41F /* Game.cpp in Sources */ = {isa = PBXBuildFile; fileRef = D168392317EA16CC003BA41F /* Game.cpp */; };
		D168392817EA1DAB003BA41F /* ShaderWireframeObject.fsh in Sources */ = {isa = PBXBuildFile; fileRef = D168392617EA1DAA003BA41F /* ShaderWireframeObject.fsh */; };
		D168392917EA1DAB003BA41F /* ShaderWireframeObject.vsh in Sources */ = {isa = PBXBuildFile; fileRef = D168392717EA1DAB003BA41F /* ShaderWireframeObject.vsh */; };
		D168392A17EA1DC4003BA41F /* ShaderWireframeObject.fsh in Resources */ = {isa = PBXBuildFile; fileRef = D168392617EA1DAA003BA41F /* ShaderWireframeObject.fsh */; };
		D168392B17EA1DC5003BA41F /* ShaderWireframeObject.vsh in Resources */ = {isa = PBXBuildFile; fileRef = D168392717EA1DAB003BA41F /* ShaderWireframeObject.vsh */; };
		D175813217DCB29B0060E2F6 /* AEngine.cpp in Sources */ = {isa = PBXBuildFile; fileRef = D175812E17DCB29B0060E2F6 /* AEngine.cpp */; };
		D175813317DCB29B0060E2F6 /* ACamera.cpp in Sources */ = {isa = PBXBuildFile; fileRef = D175813017DCB29B0060E2F6 /* ACamera.cpp */; };
		D175814F17DCC1690060E2F6 /* MAXAnimationManager.cpp in Sources */ = {isa = PBXBuildFile; fileRef = D175813F17DCC1680060E2F6 /* MAXAnimationManager.cpp */; };
		D175815017DCC1690060E2F6 /* MAXAnimationBase.cpp in Sources */ = {isa = PBXBuildFile; fileRef = D175814117DCC1680060E2F6 /* MAXAnimationBase.cpp */; };
		D175815417DCC1690060E2F6 /* MAXAnimationSequence.cpp in Sources */ = {isa = PBXBuildFile; fileRef = D175814917DCC1690060E2F6 /* MAXAnimationSequence.cpp */; };
		D175815517DCC1690060E2F6 /* MAXAnimationRepeat.cpp in Sources */ = {isa = PBXBuildFile; fileRef = D175814B17DCC1690060E2F6 /* MAXAnimationRepeat.cpp */; };
		D175815617DCC1690060E2F6 /* MAXAnimationWait.cpp in Sources */ = {isa = PBXBuildFile; fileRef = D175814D17DCC1690060E2F6 /* MAXAnimationWait.cpp */; };
		D175815D17DCC77A0060E2F6 /* MAXDrawPrimitives.cpp in Sources */ = {isa = PBXBuildFile; fileRef = D175815B17DCC77A0060E2F6 /* MAXDrawPrimitives.cpp */; };
		D175816217DCC7A40060E2F6 /* Shader.cpp in Sources */ = {isa = PBXBuildFile; fileRef = D175816017DCC7A40060E2F6 /* Shader.cpp */; };
		D175816517DCC7BF0060E2F6 /* ShaderLine.fsh in Sources */ = {isa = PBXBuildFile; fileRef = D175816317DCC7BF0060E2F6 /* ShaderLine.fsh */; };
		D175816617DCC7BF0060E2F6 /* ShaderLine.vsh in Sources */ = {isa = PBXBuildFile; fileRef = D175816417DCC7BF0060E2F6 /* ShaderLine.vsh */; };
		D175816717DCC7CA0060E2F6 /* ShaderLine.fsh in Resources */ = {isa = PBXBuildFile; fileRef = D175816317DCC7BF0060E2F6 /* ShaderLine.fsh */; };
		D175816817DCC7CA0060E2F6 /* ShaderLine.vsh in Resources */ = {isa = PBXBuildFile; fileRef = D175816417DCC7BF0060E2F6 /* ShaderLine.vsh */; };
		D175816D17DCC8110060E2F6 /* EngineMesh.cpp in Sources */ = {isa = PBXBuildFile; fileRef = D175816B17DCC8110060E2F6 /* EngineMesh.cpp */; };
		D175817017DCD2F40060E2F6 /* Framebuffer.cpp in Sources */ = {isa = PBXBuildFile; fileRef = D175816E17DCD2F40060E2F6 /* Framebuffer.cpp */; };
		D175817317DCD5580060E2F6 /* RenderSystem.cpp in Sources */ = {isa = PBXBuildFile; fileRef = D175817117DCD5580060E2F6 /* RenderSystem.cpp */; };
		D175817717DCD56B0060E2F6 /* SceneSystem.cpp in Sources */ = {isa = PBXBuildFile; fileRef = D175817517DCD56B0060E2F6 /* SceneSystem.cpp */; };
		D175817C17DCD5750060E2F6 /* SceneGraph.cpp in Sources */ = {isa = PBXBuildFile; fileRef = D175817817DCD5750060E2F6 /* SceneGraph.cpp */; };
		D175817D17DCD5750060E2F6 /* SceneGraphNode.cpp in Sources */ = {isa = PBXBuildFile; fileRef = D175817A17DCD5750060E2F6 /* SceneGraphNode.cpp */; };
		D175818417DCD60A0060E2F6 /* PivotObject.cpp in Sources */ = {isa = PBXBuildFile; fileRef = D175817E17DCD60A0060E2F6 /* PivotObject.cpp */; };
		D175818517DCD60A0060E2F6 /* RenderObject.cpp in Sources */ = {isa = PBXBuildFile; fileRef = D175818017DCD60A0060E2F6 /* RenderObject.cpp */; };
		D175818617DCD60A0060E2F6 /* UnAnimRenderObject.cpp in Sources */ = {isa = PBXBuildFile; fileRef = D175818217DCD60A0060E2F6 /* UnAnimRenderObject.cpp */; };
		D1D50F5017D7342800089275 /* UIKit.framework in Frameworks */ = {isa = PBXBuildFile; fileRef = D1D50F4F17D7342800089275 /* UIKit.framework */; };
		D1D50F5217D7342800089275 /* Foundation.framework in Frameworks */ = {isa = PBXBuildFile; fileRef = D1D50F5117D7342800089275 /* Foundation.framework */; };
		D1D50F5417D7342800089275 /* CoreGraphics.framework in Frameworks */ = {isa = PBXBuildFile; fileRef = D1D50F5317D7342800089275 /* CoreGraphics.framework */; };
		D1D50F5A17D7342800089275 /* InfoPlist.strings in Resources */ = {isa = PBXBuildFile; fileRef = D1D50F5817D7342800089275 /* InfoPlist.strings */; };
		D1D50F6217D7342800089275 /* Default.png in Resources */ = {isa = PBXBuildFile; fileRef = D1D50F6117D7342800089275 /* Default.png */; };
		D1D50F6417D7342800089275 /* Default@2x.png in Resources */ = {isa = PBXBuildFile; fileRef = D1D50F6317D7342800089275 /* Default@2x.png */; };
		D1D50F6617D7342800089275 /* Default-568h@2x.png in Resources */ = {isa = PBXBuildFile; fileRef = D1D50F6517D7342800089275 /* Default-568h@2x.png */; };
		D1D50F7917D7348400089275 /* AAppDelegate.m in Sources */ = {isa = PBXBuildFile; fileRef = D1D50F7517D7348400089275 /* AAppDelegate.m */; };
		D1D50F7A17D7348400089275 /* AViewController.m in Sources */ = {isa = PBXBuildFile; fileRef = D1D50F7717D7348400089275 /* AViewController.m */; };
		D1D50F7B17D7348400089275 /* main.m in Sources */ = {isa = PBXBuildFile; fileRef = D1D50F7817D7348400089275 /* main.m */; };
		D1D50F7D17D7355300089275 /* QuartzCore.framework in Frameworks */ = {isa = PBXBuildFile; fileRef = D1D50F7C17D7355300089275 /* QuartzCore.framework */; };
		D1D50F8917D7434900089275 /* BinaryReader.cpp in Sources */ = {isa = PBXBuildFile; fileRef = D1D50F8517D742DC00089275 /* BinaryReader.cpp */; };
		D1D50F8A17D7434B00089275 /* StringUtils.cpp in Sources */ = {isa = PBXBuildFile; fileRef = D1D50F8717D7430300089275 /* StringUtils.cpp */; };
		D1D50F9117D7438A00089275 /* FileManger.cpp in Sources */ = {isa = PBXBuildFile; fileRef = D1D50F8B17D7437600089275 /* FileManger.cpp */; };
		D1D50F9217D7438D00089275 /* ios_fileManager.mm in Sources */ = {isa = PBXBuildFile; fileRef = D1D50F9017D7438300089275 /* ios_fileManager.mm */; };
		D1D50F9317D7438F00089275 /* ios_display.mm in Sources */ = {isa = PBXBuildFile; fileRef = D1D50F8E17D7438300089275 /* ios_display.mm */; };
		D1D50F9617D743AF00089275 /* GLSurface.m in Sources */ = {isa = PBXBuildFile; fileRef = D1D50F9517D743AF00089275 /* GLSurface.m */; };
		D1D50F9817D7444E00089275 /* OpenGLES.framework in Frameworks */ = {isa = PBXBuildFile; fileRef = D1D50F9717D7444E00089275 /* OpenGLES.framework */; };
		D1D50F9A17D7447100089275 /* libz.dylib in Frameworks */ = {isa = PBXBuildFile; fileRef = D1D50F9917D7447100089275 /* libz.dylib */; };
		D1D50F9C17D7447D00089275 /* libxml2.dylib in Frameworks */ = {isa = PBXBuildFile; fileRef = D1D50F9B17D7447D00089275 /* libxml2.dylib */; };
		D1D50F9E17D7448800089275 /* libstdc++.6.dylib in Frameworks */ = {isa = PBXBuildFile; fileRef = D1D50F9D17D7448800089275 /* libstdc++.6.dylib */; };
		D1D50FA117D744A500089275 /* Display.cpp in Sources */ = {isa = PBXBuildFile; fileRef = D1D50FA017D744A500089275 /* Display.cpp */; };
		D1D50FA417D744AF00089275 /* DisplayPinchDelegate.cpp in Sources */ = {isa = PBXBuildFile; fileRef = D1D50FA217D744AE00089275 /* DisplayPinchDelegate.cpp */; };
/* End PBXBuildFile section */

/* Begin PBXFileReference section */
		D16838FB17E9D5A7003BA41F /* GameObject.cpp */ = {isa = PBXFileReference; fileEncoding = 4; lastKnownFileType = sourcecode.cpp.cpp; path = GameObject.cpp; sourceTree = "<group>"; };
		D16838FC17E9D5A7003BA41F /* GameObject.h */ = {isa = PBXFileReference; fileEncoding = 4; lastKnownFileType = sourcecode.c.h; path = GameObject.h; sourceTree = "<group>"; };
		D16838FE17E9D5D6003BA41F /* GameShip.cpp */ = {isa = PBXFileReference; fileEncoding = 4; lastKnownFileType = sourcecode.cpp.cpp; path = GameShip.cpp; sourceTree = "<group>"; };
		D16838FF17E9D5D6003BA41F /* GameShip.h */ = {isa = PBXFileReference; fileEncoding = 4; lastKnownFileType = sourcecode.c.h; path = GameShip.h; sourceTree = "<group>"; };
		D168390117E9D5E5003BA41F /* GameAsteroid.cpp */ = {isa = PBXFileReference; fileEncoding = 4; lastKnownFileType = sourcecode.cpp.cpp; path = GameAsteroid.cpp; sourceTree = "<group>"; };
		D168390217E9D5E6003BA41F /* GameAsteroid.h */ = {isa = PBXFileReference; fileEncoding = 4; lastKnownFileType = sourcecode.c.h; path = GameAsteroid.h; sourceTree = "<group>"; };
		D168390417E9D8E9003BA41F /* SimpleWireframeObject.cpp */ = {isa = PBXFileReference; fileEncoding = 4; lastKnownFileType = sourcecode.cpp.cpp; path = SimpleWireframeObject.cpp; sourceTree = "<group>"; };
		D168390517E9D8E9003BA41F /* SimpleWireframeObject.h */ = {isa = PBXFileReference; fileEncoding = 4; lastKnownFileType = sourcecode.c.h; path = SimpleWireframeObject.h; sourceTree = "<group>"; };
		D168390917E9DC30003BA41F /* ObjectBehaviourModel.cpp */ = {isa = PBXFileReference; fileEncoding = 4; lastKnownFileType = sourcecode.cpp.cpp; lineEnding = 0; path = ObjectBehaviourModel.cpp; sourceTree = "<group>"; xcLanguageSpecificationIdentifier = xcode.lang.cpp; };
		D168390A17E9DC30003BA41F /* ObjectBehaviourModel.h */ = {isa = PBXFileReference; fileEncoding = 4; lastKnownFileType = sourcecode.c.h; lineEnding = 0; path = ObjectBehaviourModel.h; sourceTree = "<group>"; xcLanguageSpecificationIdentifier = xcode.lang.objcpp; };
		D168390D17E9DC30003BA41F /* StaticObjectBehaviorModel.cpp */ = {isa = PBXFileReference; fileEncoding = 4; lastKnownFileType = sourcecode.cpp.cpp; path = StaticObjectBehaviorModel.cpp; sourceTree = "<group>"; };
		D168390E17E9DC30003BA41F /* StaticObjectBehaviorModel.h */ = {isa = PBXFileReference; fileEncoding = 4; lastKnownFileType = sourcecode.c.h; path = StaticObjectBehaviorModel.h; sourceTree = "<group>"; };
		D168391217E9E261003BA41F /* GameController.cpp */ = {isa = PBXFileReference; fileEncoding = 4; lastKnownFileType = sourcecode.cpp.cpp; path = GameController.cpp; sourceTree = "<group>"; };
		D168391317E9E262003BA41F /* GameController.h */ = {isa = PBXFileReference; fileEncoding = 4; lastKnownFileType = sourcecode.c.h; path = GameController.h; sourceTree = "<group>"; };
		D168391717E9FCC2003BA41F /* GameShipBullet.cpp */ = {isa = PBXFileReference; fileEncoding = 4; lastKnownFileType = sourcecode.cpp.cpp; path = GameShipBullet.cpp; sourceTree = "<group>"; };
		D168391817E9FCC4003BA41F /* GameShipBullet.h */ = {isa = PBXFileReference; fileEncoding = 4; lastKnownFileType = sourcecode.c.h; path = GameShipBullet.h; sourceTree = "<group>"; };
		D168391A17E9FDAD003BA41F /* ObjectControlledBehaviorModel.cpp */ = {isa = PBXFileReference; fileEncoding = 4; lastKnownFileType = sourcecode.cpp.cpp; path = ObjectControlledBehaviorModel.cpp; sourceTree = "<group>"; };
		D168391B17E9FDAE003BA41F /* ObjectControlledBehaviorModel.h */ = {isa = PBXFileReference; fileEncoding = 4; lastKnownFileType = sourcecode.c.h; path = ObjectControlledBehaviorModel.h; sourceTree = "<group>"; };
		D168391D17E9FDC3003BA41F /* ObjectControlledBehaviorModelDelegate.h */ = {isa = PBXFileReference; lastKnownFileType = sourcecode.c.h; path = ObjectControlledBehaviorModelDelegate.h; sourceTree = "<group>"; };
		D168391E17EA03AD003BA41F /* EngineWireframe.cpp */ = {isa = PBXFileReference; fileEncoding = 4; lastKnownFileType = sourcecode.cpp.cpp; path = EngineWireframe.cpp; sourceTree = "<group>"; };
		D168391F17EA03AD003BA41F /* EngineWireframe.h */ = {isa = PBXFileReference; fileEncoding = 4; lastKnownFileType = sourcecode.c.h; path = EngineWireframe.h; sourceTree = "<group>"; };
		D168392317EA16CC003BA41F /* Game.cpp */ = {isa = PBXFileReference; fileEncoding = 4; lastKnownFileType = sourcecode.cpp.cpp; name = Game.cpp; path = Asteroids/Game/Game.cpp; sourceTree = SOURCE_ROOT; };
		D168392417EA16D4003BA41F /* Game.h */ = {isa = PBXFileReference; fileEncoding = 4; lastKnownFileType = sourcecode.c.h; name = Game.h; path = Asteroids/Game/Game.h; sourceTree = SOURCE_ROOT; };
		D168392617EA1DAA003BA41F /* ShaderWireframeObject.fsh */ = {isa = PBXFileReference; fileEncoding = 4; lastKnownFileType = sourcecode.glsl; path = ShaderWireframeObject.fsh; sourceTree = "<group>"; };
		D168392717EA1DAB003BA41F /* ShaderWireframeObject.vsh */ = {isa = PBXFileReference; fileEncoding = 4; lastKnownFileType = sourcecode.glsl; path = ShaderWireframeObject.vsh; sourceTree = "<group>"; };
		D175812E17DCB29B0060E2F6 /* AEngine.cpp */ = {isa = PBXFileReference; fileEncoding = 4; lastKnownFileType = sourcecode.cpp.cpp; path = AEngine.cpp; sourceTree = "<group>"; };
		D175812F17DCB29B0060E2F6 /* AEngine.h */ = {isa = PBXFileReference; fileEncoding = 4; lastKnownFileType = sourcecode.c.h; path = AEngine.h; sourceTree = "<group>"; };
		D175813017DCB29B0060E2F6 /* ACamera.cpp */ = {isa = PBXFileReference; fileEncoding = 4; lastKnownFileType = sourcecode.cpp.cpp; path = ACamera.cpp; sourceTree = "<group>"; };
		D175813117DCB29B0060E2F6 /* ACamera.h */ = {isa = PBXFileReference; fileEncoding = 4; lastKnownFileType = sourcecode.c.h; path = ACamera.h; sourceTree = "<group>"; };
		D175813617DCB3820060E2F6 /* MathTypes.h */ = {isa = PBXFileReference; explicitFileType = sourcecode.cpp.h; path = MathTypes.h; sourceTree = "<group>"; };
		D175813817DCB42C0060E2F6 /* Matrix4.h */ = {isa = PBXFileReference; fileEncoding = 4; lastKnownFileType = sourcecode.c.h; path = Matrix4.h; sourceTree = "<group>"; };
		D175813917DCB9CA0060E2F6 /* Vector2.h */ = {isa = PBXFileReference; fileEncoding = 4; lastKnownFileType = sourcecode.c.h; path = Vector2.h; sourceTree = "<group>"; };
		D175813A17DCB9CA0060E2F6 /* Vector3.h */ = {isa = PBXFileReference; fileEncoding = 4; lastKnownFileType = sourcecode.c.h; path = Vector3.h; sourceTree = "<group>"; };
		D175813B17DCB9CA0060E2F6 /* Vector4.h */ = {isa = PBXFileReference; fileEncoding = 4; lastKnownFileType = sourcecode.c.h; path = Vector4.h; sourceTree = "<group>"; };
		D175813D17DCC1680060E2F6 /* MAXAnimationPrefix.h */ = {isa = PBXFileReference; fileEncoding = 4; lastKnownFileType = sourcecode.c.h; path = MAXAnimationPrefix.h; sourceTree = "<group>"; };
		D175813E17DCC1680060E2F6 /* MAXAnimationDelegate.h */ = {isa = PBXFileReference; fileEncoding = 4; lastKnownFileType = sourcecode.c.h; path = MAXAnimationDelegate.h; sourceTree = "<group>"; };
		D175813F17DCC1680060E2F6 /* MAXAnimationManager.cpp */ = {isa = PBXFileReference; fileEncoding = 4; lastKnownFileType = sourcecode.cpp.cpp; path = MAXAnimationManager.cpp; sourceTree = "<group>"; };
		D175814017DCC1680060E2F6 /* MAXAnimationManager.h */ = {isa = PBXFileReference; fileEncoding = 4; lastKnownFileType = sourcecode.c.h; path = MAXAnimationManager.h; sourceTree = "<group>"; };
		D175814117DCC1680060E2F6 /* MAXAnimationBase.cpp */ = {isa = PBXFileReference; fileEncoding = 4; lastKnownFileType = sourcecode.cpp.cpp; path = MAXAnimationBase.cpp; sourceTree = "<group>"; };
		D175814217DCC1680060E2F6 /* MAXAnimationBase.h */ = {isa = PBXFileReference; fileEncoding = 4; lastKnownFileType = sourcecode.c.h; path = MAXAnimationBase.h; sourceTree = "<group>"; };
		D175814917DCC1690060E2F6 /* MAXAnimationSequence.cpp */ = {isa = PBXFileReference; fileEncoding = 4; lastKnownFileType = sourcecode.cpp.cpp; path = MAXAnimationSequence.cpp; sourceTree = "<group>"; };
		D175814A17DCC1690060E2F6 /* MAXAnimationSequence.h */ = {isa = PBXFileReference; fileEncoding = 4; lastKnownFileType = sourcecode.c.h; path = MAXAnimationSequence.h; sourceTree = "<group>"; };
		D175814B17DCC1690060E2F6 /* MAXAnimationRepeat.cpp */ = {isa = PBXFileReference; fileEncoding = 4; lastKnownFileType = sourcecode.cpp.cpp; path = MAXAnimationRepeat.cpp; sourceTree = "<group>"; };
		D175814C17DCC1690060E2F6 /* MAXAnimationRepeat.h */ = {isa = PBXFileReference; fileEncoding = 4; lastKnownFileType = sourcecode.c.h; path = MAXAnimationRepeat.h; sourceTree = "<group>"; };
		D175814D17DCC1690060E2F6 /* MAXAnimationWait.cpp */ = {isa = PBXFileReference; fileEncoding = 4; lastKnownFileType = sourcecode.cpp.cpp; path = MAXAnimationWait.cpp; sourceTree = "<group>"; };
		D175814E17DCC1690060E2F6 /* MAXAnimationWait.h */ = {isa = PBXFileReference; fileEncoding = 4; lastKnownFileType = sourcecode.c.h; path = MAXAnimationWait.h; sourceTree = "<group>"; };
		D175815717DCC2270060E2F6 /* Matrix3.h */ = {isa = PBXFileReference; fileEncoding = 4; lastKnownFileType = sourcecode.c.h; path = Matrix3.h; sourceTree = "<group>"; };
		D175815817DCC43F0060E2F6 /* Math.h */ = {isa = PBXFileReference; lastKnownFileType = sourcecode.c.h; path = Math.h; sourceTree = "<group>"; };
		D175815B17DCC77A0060E2F6 /* MAXDrawPrimitives.cpp */ = {isa = PBXFileReference; fileEncoding = 4; lastKnownFileType = sourcecode.cpp.cpp; path = MAXDrawPrimitives.cpp; sourceTree = "<group>"; };
		D175815C17DCC77A0060E2F6 /* MAXDrawPrimitives.h */ = {isa = PBXFileReference; fileEncoding = 4; lastKnownFileType = sourcecode.c.h; path = MAXDrawPrimitives.h; sourceTree = "<group>"; };
		D175816017DCC7A40060E2F6 /* Shader.cpp */ = {isa = PBXFileReference; fileEncoding = 4; lastKnownFileType = sourcecode.cpp.cpp; path = Shader.cpp; sourceTree = "<group>"; };
		D175816117DCC7A40060E2F6 /* Shader.h */ = {isa = PBXFileReference; fileEncoding = 4; lastKnownFileType = sourcecode.c.h; path = Shader.h; sourceTree = "<group>"; };
		D175816317DCC7BF0060E2F6 /* ShaderLine.fsh */ = {isa = PBXFileReference; fileEncoding = 4; lastKnownFileType = sourcecode.glsl; path = ShaderLine.fsh; sourceTree = "<group>"; };
		D175816417DCC7BF0060E2F6 /* ShaderLine.vsh */ = {isa = PBXFileReference; fileEncoding = 4; lastKnownFileType = sourcecode.glsl; path = ShaderLine.vsh; sourceTree = "<group>"; };
		D175816B17DCC8110060E2F6 /* EngineMesh.cpp */ = {isa = PBXFileReference; fileEncoding = 4; lastKnownFileType = sourcecode.cpp.cpp; path = EngineMesh.cpp; sourceTree = "<group>"; };
		D175816C17DCC8110060E2F6 /* EngineMesh.h */ = {isa = PBXFileReference; fileEncoding = 4; lastKnownFileType = sourcecode.c.h; path = EngineMesh.h; sourceTree = "<group>"; };
		D175816E17DCD2F40060E2F6 /* Framebuffer.cpp */ = {isa = PBXFileReference; fileEncoding = 4; lastKnownFileType = sourcecode.cpp.cpp; path = Framebuffer.cpp; sourceTree = "<group>"; };
		D175816F17DCD2F40060E2F6 /* Framebuffer.h */ = {isa = PBXFileReference; fileEncoding = 4; lastKnownFileType = sourcecode.c.h; path = Framebuffer.h; sourceTree = "<group>"; };
		D175817117DCD5580060E2F6 /* RenderSystem.cpp */ = {isa = PBXFileReference; fileEncoding = 4; lastKnownFileType = sourcecode.cpp.cpp; path = RenderSystem.cpp; sourceTree = "<group>"; };
		D175817217DCD5580060E2F6 /* RenderSystem.h */ = {isa = PBXFileReference; fileEncoding = 4; lastKnownFileType = sourcecode.c.h; path = RenderSystem.h; sourceTree = "<group>"; };
		D175817517DCD56B0060E2F6 /* SceneSystem.cpp */ = {isa = PBXFileReference; fileEncoding = 4; lastKnownFileType = sourcecode.cpp.cpp; path = SceneSystem.cpp; sourceTree = "<group>"; };
		D175817617DCD56B0060E2F6 /* SceneSystem.h */ = {isa = PBXFileReference; fileEncoding = 4; lastKnownFileType = sourcecode.c.h; path = SceneSystem.h; sourceTree = "<group>"; };
		D175817817DCD5750060E2F6 /* SceneGraph.cpp */ = {isa = PBXFileReference; fileEncoding = 4; lastKnownFileType = sourcecode.cpp.cpp; path = SceneGraph.cpp; sourceTree = "<group>"; };
		D175817917DCD5750060E2F6 /* SceneGraph.h */ = {isa = PBXFileReference; fileEncoding = 4; lastKnownFileType = sourcecode.c.h; path = SceneGraph.h; sourceTree = "<group>"; };
		D175817A17DCD5750060E2F6 /* SceneGraphNode.cpp */ = {isa = PBXFileReference; fileEncoding = 4; lastKnownFileType = sourcecode.cpp.cpp; path = SceneGraphNode.cpp; sourceTree = "<group>"; };
		D175817B17DCD5750060E2F6 /* SceneGraphNode.h */ = {isa = PBXFileReference; fileEncoding = 4; lastKnownFileType = sourcecode.c.h; path = SceneGraphNode.h; sourceTree = "<group>"; };
		D175817E17DCD60A0060E2F6 /* PivotObject.cpp */ = {isa = PBXFileReference; fileEncoding = 4; lastKnownFileType = sourcecode.cpp.cpp; path = PivotObject.cpp; sourceTree = "<group>"; };
		D175817F17DCD60A0060E2F6 /* PivotObject.h */ = {isa = PBXFileReference; fileEncoding = 4; lastKnownFileType = sourcecode.c.h; path = PivotObject.h; sourceTree = "<group>"; };
		D175818017DCD60A0060E2F6 /* RenderObject.cpp */ = {isa = PBXFileReference; fileEncoding = 4; lastKnownFileType = sourcecode.cpp.cpp; path = RenderObject.cpp; sourceTree = "<group>"; };
		D175818117DCD60A0060E2F6 /* RenderObject.h */ = {isa = PBXFileReference; fileEncoding = 4; lastKnownFileType = sourcecode.c.h; path = RenderObject.h; sourceTree = "<group>"; };
		D175818217DCD60A0060E2F6 /* UnAnimRenderObject.cpp */ = {isa = PBXFileReference; fileEncoding = 4; lastKnownFileType = sourcecode.cpp.cpp; path = UnAnimRenderObject.cpp; sourceTree = "<group>"; };
		D175818317DCD60A0060E2F6 /* UnAnimRenderObject.h */ = {isa = PBXFileReference; fileEncoding = 4; lastKnownFileType = sourcecode.c.h; path = UnAnimRenderObject.h; sourceTree = "<group>"; };
		D1D50F4C17D7342800089275 /* Asteroids.app */ = {isa = PBXFileReference; explicitFileType = wrapper.application; includeInIndex = 0; path = Asteroids.app; sourceTree = BUILT_PRODUCTS_DIR; };
		D1D50F4F17D7342800089275 /* UIKit.framework */ = {isa = PBXFileReference; lastKnownFileType = wrapper.framework; name = UIKit.framework; path = System/Library/Frameworks/UIKit.framework; sourceTree = SDKROOT; };
		D1D50F5117D7342800089275 /* Foundation.framework */ = {isa = PBXFileReference; lastKnownFileType = wrapper.framework; name = Foundation.framework; path = System/Library/Frameworks/Foundation.framework; sourceTree = SDKROOT; };
		D1D50F5317D7342800089275 /* CoreGraphics.framework */ = {isa = PBXFileReference; lastKnownFileType = wrapper.framework; name = CoreGraphics.framework; path = System/Library/Frameworks/CoreGraphics.framework; sourceTree = SDKROOT; };
		D1D50F5717D7342800089275 /* Asteroids-Info.plist */ = {isa = PBXFileReference; lastKnownFileType = text.plist.xml; path = "Asteroids-Info.plist"; sourceTree = "<group>"; };
		D1D50F5917D7342800089275 /* en */ = {isa = PBXFileReference; lastKnownFileType = text.plist.strings; name = en; path = en.lproj/InfoPlist.strings; sourceTree = "<group>"; };
		D1D50F5D17D7342800089275 /* Asteroids-Prefix.pch */ = {isa = PBXFileReference; lastKnownFileType = sourcecode.c.h; path = "Asteroids-Prefix.pch"; sourceTree = "<group>"; };
		D1D50F6117D7342800089275 /* Default.png */ = {isa = PBXFileReference; lastKnownFileType = image.png; path = Default.png; sourceTree = "<group>"; };
		D1D50F6317D7342800089275 /* Default@2x.png */ = {isa = PBXFileReference; lastKnownFileType = image.png; path = "Default@2x.png"; sourceTree = "<group>"; };
		D1D50F6517D7342800089275 /* Default-568h@2x.png */ = {isa = PBXFileReference; lastKnownFileType = image.png; path = "Default-568h@2x.png"; sourceTree = "<group>"; };
		D1D50F7417D7348400089275 /* AAppDelegate.h */ = {isa = PBXFileReference; fileEncoding = 4; lastKnownFileType = sourcecode.c.h; path = AAppDelegate.h; sourceTree = "<group>"; };
		D1D50F7517D7348400089275 /* AAppDelegate.m */ = {isa = PBXFileReference; explicitFileType = sourcecode.cpp.objcpp; fileEncoding = 4; path = AAppDelegate.m; sourceTree = "<group>"; };
		D1D50F7617D7348400089275 /* AViewController.h */ = {isa = PBXFileReference; fileEncoding = 4; lastKnownFileType = sourcecode.c.h; path = AViewController.h; sourceTree = "<group>"; };
		D1D50F7717D7348400089275 /* AViewController.m */ = {isa = PBXFileReference; explicitFileType = sourcecode.cpp.objcpp; fileEncoding = 4; path = AViewController.m; sourceTree = "<group>"; };
		D1D50F7817D7348400089275 /* main.m */ = {isa = PBXFileReference; fileEncoding = 4; lastKnownFileType = sourcecode.c.objc; path = main.m; sourceTree = "<group>"; };
		D1D50F7C17D7355300089275 /* QuartzCore.framework */ = {isa = PBXFileReference; lastKnownFileType = wrapper.framework; name = QuartzCore.framework; path = System/Library/Frameworks/QuartzCore.framework; sourceTree = SDKROOT; };
		D1D50F7E17D7357C00089275 /* miniPrefix.h */ = {isa = PBXFileReference; lastKnownFileType = sourcecode.c.h; path = miniPrefix.h; sourceTree = "<group>"; };
		D1D50F8317D742C400089275 /* MyRandom.h */ = {isa = PBXFileReference; lastKnownFileType = sourcecode.c.h; path = MyRandom.h; sourceTree = "<group>"; };
		D1D50F8417D742D000089275 /* USimpleContainer.h */ = {isa = PBXFileReference; lastKnownFileType = sourcecode.c.h; path = USimpleContainer.h; sourceTree = "<group>"; };
		D1D50F8517D742DC00089275 /* BinaryReader.cpp */ = {isa = PBXFileReference; lastKnownFileType = sourcecode.cpp.cpp; lineEnding = 0; path = BinaryReader.cpp; sourceTree = "<group>"; xcLanguageSpecificationIdentifier = xcode.lang.cpp; };
		D1D50F8617D742DC00089275 /* BinaryReader.h */ = {isa = PBXFileReference; lastKnownFileType = sourcecode.c.h; lineEnding = 0; path = BinaryReader.h; sourceTree = "<group>"; xcLanguageSpecificationIdentifier = xcode.lang.objcpp; };
		D1D50F8717D7430300089275 /* StringUtils.cpp */ = {isa = PBXFileReference; lastKnownFileType = sourcecode.cpp.cpp; path = StringUtils.cpp; sourceTree = "<group>"; };
		D1D50F8817D7430300089275 /* StringUtils.h */ = {isa = PBXFileReference; lastKnownFileType = sourcecode.c.h; path = StringUtils.h; sourceTree = "<group>"; };
		D1D50F8B17D7437600089275 /* FileManger.cpp */ = {isa = PBXFileReference; lastKnownFileType = sourcecode.cpp.cpp; path = FileManger.cpp; sourceTree = "<group>"; };
		D1D50F8C17D7437600089275 /* FileManger.h */ = {isa = PBXFileReference; lastKnownFileType = sourcecode.c.h; path = FileManger.h; sourceTree = "<group>"; };
		D1D50F8D17D7438300089275 /* ios_display.h */ = {isa = PBXFileReference; lastKnownFileType = sourcecode.c.h; path = ios_display.h; sourceTree = "<group>"; };
		D1D50F8E17D7438300089275 /* ios_display.mm */ = {isa = PBXFileReference; lastKnownFileType = sourcecode.cpp.objcpp; path = ios_display.mm; sourceTree = "<group>"; };
		D1D50F8F17D7438300089275 /* ios_fileManager.h */ = {isa = PBXFileReference; lastKnownFileType = sourcecode.c.h; path = ios_fileManager.h; sourceTree = "<group>"; };
		D1D50F9017D7438300089275 /* ios_fileManager.mm */ = {isa = PBXFileReference; lastKnownFileType = sourcecode.cpp.objcpp; path = ios_fileManager.mm; sourceTree = "<group>"; };
		D1D50F9417D743AF00089275 /* GLSurface.h */ = {isa = PBXFileReference; fileEncoding = 4; lastKnownFileType = sourcecode.c.h; path = GLSurface.h; sourceTree = "<group>"; };
		D1D50F9517D743AF00089275 /* GLSurface.m */ = {isa = PBXFileReference; fileEncoding = 4; lastKnownFileType = sourcecode.c.objc; path = GLSurface.m; sourceTree = "<group>"; };
		D1D50F9717D7444E00089275 /* OpenGLES.framework */ = {isa = PBXFileReference; lastKnownFileType = wrapper.framework; name = OpenGLES.framework; path = System/Library/Frameworks/OpenGLES.framework; sourceTree = SDKROOT; };
		D1D50F9917D7447100089275 /* libz.dylib */ = {isa = PBXFileReference; lastKnownFileType = "compiled.mach-o.dylib"; name = libz.dylib; path = usr/lib/libz.dylib; sourceTree = SDKROOT; };
		D1D50F9B17D7447D00089275 /* libxml2.dylib */ = {isa = PBXFileReference; lastKnownFileType = "compiled.mach-o.dylib"; name = libxml2.dylib; path = usr/lib/libxml2.dylib; sourceTree = SDKROOT; };
		D1D50F9D17D7448800089275 /* libstdc++.6.dylib */ = {isa = PBXFileReference; lastKnownFileType = "compiled.mach-o.dylib"; name = "libstdc++.6.dylib"; path = "usr/lib/libstdc++.6.dylib"; sourceTree = SDKROOT; };
		D1D50F9F17D744A500089275 /* Display.h */ = {isa = PBXFileReference; explicitFileType = sourcecode.cpp.h; fileEncoding = 4; path = Display.h; sourceTree = "<group>"; };
		D1D50FA017D744A500089275 /* Display.cpp */ = {isa = PBXFileReference; fileEncoding = 4; lastKnownFileType = sourcecode.cpp.cpp; lineEnding = 0; path = Display.cpp; sourceTree = "<group>"; xcLanguageSpecificationIdentifier = xcode.lang.cpp; };
		D1D50FA217D744AE00089275 /* DisplayPinchDelegate.cpp */ = {isa = PBXFileReference; fileEncoding = 4; lastKnownFileType = sourcecode.cpp.cpp; path = DisplayPinchDelegate.cpp; sourceTree = "<group>"; };
		D1D50FA317D744AF00089275 /* DisplayPinchDelegate.h */ = {isa = PBXFileReference; explicitFileType = sourcecode.cpp.h; fileEncoding = 4; path = DisplayPinchDelegate.h; sourceTree = "<group>"; };
		D1D50FA517D7540900089275 /* GlobalConstants.h */ = {isa = PBXFileReference; lastKnownFileType = sourcecode.c.h; path = GlobalConstants.h; sourceTree = "<group>"; };
/* End PBXFileReference section */

/* Begin PBXFrameworksBuildPhase section */
		D1D50F4917D7342800089275 /* Frameworks */ = {
			isa = PBXFrameworksBuildPhase;
			buildActionMask = 2147483647;
			files = (
				D1D50F9E17D7448800089275 /* libstdc++.6.dylib in Frameworks */,
				D1D50F9C17D7447D00089275 /* libxml2.dylib in Frameworks */,
				D1D50F9A17D7447100089275 /* libz.dylib in Frameworks */,
				D1D50F9817D7444E00089275 /* OpenGLES.framework in Frameworks */,
				D1D50F7D17D7355300089275 /* QuartzCore.framework in Frameworks */,
				D1D50F5017D7342800089275 /* UIKit.framework in Frameworks */,
				D1D50F5217D7342800089275 /* Foundation.framework in Frameworks */,
				D1D50F5417D7342800089275 /* CoreGraphics.framework in Frameworks */,
			);
			runOnlyForDeploymentPostprocessing = 0;
		};
/* End PBXFrameworksBuildPhase section */

/* Begin PBXGroup section */
		D16838F917E9CC52003BA41F /* Interface */ = {
			isa = PBXGroup;
			children = (
			);
			path = Interface;
			sourceTree = "<group>";
		};
		D168390817E9DC05003BA41F /* ObjectBehaviourModel */ = {
			isa = PBXGroup;
			children = (
				D168390917E9DC30003BA41F /* ObjectBehaviourModel.cpp */,
				D168390A17E9DC30003BA41F /* ObjectBehaviourModel.h */,
				D168390D17E9DC30003BA41F /* StaticObjectBehaviorModel.cpp */,
				D168390E17E9DC30003BA41F /* StaticObjectBehaviorModel.h */,
				D168391A17E9FDAD003BA41F /* ObjectControlledBehaviorModel.cpp */,
				D168391B17E9FDAE003BA41F /* ObjectControlledBehaviorModel.h */,
				D168391D17E9FDC3003BA41F /* ObjectControlledBehaviorModelDelegate.h */,
			);
			path = ObjectBehaviourModel;
			sourceTree = "<group>";
		};
		D175813C17DCC1530060E2F6 /* Animation */ = {
			isa = PBXGroup;
			children = (
				D175813D17DCC1680060E2F6 /* MAXAnimationPrefix.h */,
				D175813E17DCC1680060E2F6 /* MAXAnimationDelegate.h */,
				D175813F17DCC1680060E2F6 /* MAXAnimationManager.cpp */,
				D175814017DCC1680060E2F6 /* MAXAnimationManager.h */,
				D175814117DCC1680060E2F6 /* MAXAnimationBase.cpp */,
				D175814217DCC1680060E2F6 /* MAXAnimationBase.h */,
				D175814917DCC1690060E2F6 /* MAXAnimationSequence.cpp */,
				D175814A17DCC1690060E2F6 /* MAXAnimationSequence.h */,
				D175814B17DCC1690060E2F6 /* MAXAnimationRepeat.cpp */,
				D175814C17DCC1690060E2F6 /* MAXAnimationRepeat.h */,
				D175814D17DCC1690060E2F6 /* MAXAnimationWait.cpp */,
				D175814E17DCC1690060E2F6 /* MAXAnimationWait.h */,
			);
			path = Animation;
			sourceTree = "<group>";
		};
		D175815917DCC6D20060E2F6 /* Scene */ = {
			isa = PBXGroup;
			children = (
			);
			name = Scene;
			path = ../Game;
			sourceTree = "<group>";
		};
		D175815A17DCC6DA0060E2F6 /* Renderer */ = {
			isa = PBXGroup;
			children = (
				D175815F17DCC78B0060E2F6 /* Shaders */,
				D175817117DCD5580060E2F6 /* RenderSystem.cpp */,
				D175817217DCD5580060E2F6 /* RenderSystem.h */,
				D175816E17DCD2F40060E2F6 /* Framebuffer.cpp */,
				D175816F17DCD2F40060E2F6 /* Framebuffer.h */,
				D175815B17DCC77A0060E2F6 /* MAXDrawPrimitives.cpp */,
				D175815C17DCC77A0060E2F6 /* MAXDrawPrimitives.h */,
			);
			path = Renderer;
			sourceTree = "<group>";
		};
		D175815E17DCC7880060E2F6 /* Objects */ = {
			isa = PBXGroup;
			children = (
				D16838FB17E9D5A7003BA41F /* GameObject.cpp */,
				D16838FC17E9D5A7003BA41F /* GameObject.h */,
				D16838FE17E9D5D6003BA41F /* GameShip.cpp */,
				D16838FF17E9D5D6003BA41F /* GameShip.h */,
				D168390117E9D5E5003BA41F /* GameAsteroid.cpp */,
				D168390217E9D5E6003BA41F /* GameAsteroid.h */,
				D168391717E9FCC2003BA41F /* GameShipBullet.cpp */,
				D168391817E9FCC4003BA41F /* GameShipBullet.h */,
			);
			path = Objects;
			sourceTree = "<group>";
		};
		D175815F17DCC78B0060E2F6 /* Shaders */ = {
			isa = PBXGroup;
			children = (
				D175816317DCC7BF0060E2F6 /* ShaderLine.fsh */,
				D175816417DCC7BF0060E2F6 /* ShaderLine.vsh */,
				D168392617EA1DAA003BA41F /* ShaderWireframeObject.fsh */,
				D168392717EA1DAB003BA41F /* ShaderWireframeObject.vsh */,
				D175816017DCC7A40060E2F6 /* Shader.cpp */,
				D175816117DCC7A40060E2F6 /* Shader.h */,
			);
			path = Shaders;
			sourceTree = "<group>";
		};
		D175816917DCC7DE0060E2F6 /* Objects */ = {
			isa = PBXGroup;
			children = (
				D168390817E9DC05003BA41F /* ObjectBehaviourModel */,
				D175817E17DCD60A0060E2F6 /* PivotObject.cpp */,
				D175817F17DCD60A0060E2F6 /* PivotObject.h */,
				D175818017DCD60A0060E2F6 /* RenderObject.cpp */,
				D175818117DCD60A0060E2F6 /* RenderObject.h */,
				D175818217DCD60A0060E2F6 /* UnAnimRenderObject.cpp */,
				D175818317DCD60A0060E2F6 /* UnAnimRenderObject.h */,
				D168390417E9D8E9003BA41F /* SimpleWireframeObject.cpp */,
				D168390517E9D8E9003BA41F /* SimpleWireframeObject.h */,
			);
			path = Objects;
			sourceTree = "<group>";
		};
		D175816A17DCC7E90060E2F6 /* ObjectComponents */ = {
			isa = PBXGroup;
			children = (
				D175816B17DCC8110060E2F6 /* EngineMesh.cpp */,
				D175816C17DCC8110060E2F6 /* EngineMesh.h */,
				D168391E17EA03AD003BA41F /* EngineWireframe.cpp */,
				D168391F17EA03AD003BA41F /* EngineWireframe.h */,
			);
			path = ObjectComponents;
			sourceTree = "<group>";
		};
		D175817417DCD55D0060E2F6 /* Scene */ = {
			isa = PBXGroup;
			children = (
				D175817817DCD5750060E2F6 /* SceneGraph.cpp */,
				D175817917DCD5750060E2F6 /* SceneGraph.h */,
				D175817A17DCD5750060E2F6 /* SceneGraphNode.cpp */,
				D175817B17DCD5750060E2F6 /* SceneGraphNode.h */,
				D175817517DCD56B0060E2F6 /* SceneSystem.cpp */,
				D175817617DCD56B0060E2F6 /* SceneSystem.h */,
			);
			name = Scene;
			sourceTree = "<group>";
		};
		D1D50F4317D7342800089275 = {
			isa = PBXGroup;
			children = (
				D1D50F5517D7342800089275 /* Asteroids */,
				D1D50F4E17D7342800089275 /* Frameworks */,
				D1D50F4D17D7342800089275 /* Products */,
			);
			sourceTree = "<group>";
		};
		D1D50F4D17D7342800089275 /* Products */ = {
			isa = PBXGroup;
			children = (
				D1D50F4C17D7342800089275 /* Asteroids.app */,
			);
			name = Products;
			sourceTree = "<group>";
		};
		D1D50F4E17D7342800089275 /* Frameworks */ = {
			isa = PBXGroup;
			children = (
				D1D50F9D17D7448800089275 /* libstdc++.6.dylib */,
				D1D50F9B17D7447D00089275 /* libxml2.dylib */,
				D1D50F9917D7447100089275 /* libz.dylib */,
				D1D50F9717D7444E00089275 /* OpenGLES.framework */,
				D1D50F7C17D7355300089275 /* QuartzCore.framework */,
				D1D50F4F17D7342800089275 /* UIKit.framework */,
				D1D50F5117D7342800089275 /* Foundation.framework */,
				D1D50F5317D7342800089275 /* CoreGraphics.framework */,
			);
			name = Frameworks;
			sourceTree = "<group>";
		};
		D1D50F5517D7342800089275 /* Asteroids */ = {
			isa = PBXGroup;
			children = (
				D1D50F7217D7343D00089275 /* Sys */,
				D1D50F8217D742A800089275 /* Utils */,
				D1D50FDF17D9D26800089275 /* Game */,
			);
			path = Asteroids;
			sourceTree = "<group>";
		};
		D1D50F5617D7342800089275 /* Supporting Files */ = {
			isa = PBXGroup;
			children = (
				D1D50F5717D7342800089275 /* Asteroids-Info.plist */,
				D1D50F5817D7342800089275 /* InfoPlist.strings */,
				D1D50F5D17D7342800089275 /* Asteroids-Prefix.pch */,
				D1D50F6117D7342800089275 /* Default.png */,
				D1D50F6317D7342800089275 /* Default@2x.png */,
				D1D50F6517D7342800089275 /* Default-568h@2x.png */,
				D1D50F7E17D7357C00089275 /* miniPrefix.h */,
			);
			name = "Supporting Files";
			path = ..;
			sourceTree = "<group>";
		};
		D1D50F7217D7343D00089275 /* Sys */ = {
			isa = PBXGroup;
			children = (
				D1D50F7317D7344E00089275 /* ios */,
				D1D50F8B17D7437600089275 /* FileManger.cpp */,
				D1D50F8C17D7437600089275 /* FileManger.h */,
				D1D50F9F17D744A500089275 /* Display.h */,
				D1D50FA017D744A500089275 /* Display.cpp */,
				D1D50FA217D744AE00089275 /* DisplayPinchDelegate.cpp */,
				D1D50FA317D744AF00089275 /* DisplayPinchDelegate.h */,
			);
			path = Sys;
			sourceTree = "<group>";
		};
		D1D50F7317D7344E00089275 /* ios */ = {
			isa = PBXGroup;
			children = (
				D1D50F9417D743AF00089275 /* GLSurface.h */,
				D1D50F9517D743AF00089275 /* GLSurface.m */,
				D1D50F8D17D7438300089275 /* ios_display.h */,
				D1D50F8E17D7438300089275 /* ios_display.mm */,
				D1D50F8F17D7438300089275 /* ios_fileManager.h */,
				D1D50F9017D7438300089275 /* ios_fileManager.mm */,
				D1D50F7417D7348400089275 /* AAppDelegate.h */,
				D1D50F7517D7348400089275 /* AAppDelegate.m */,
				D1D50F7617D7348400089275 /* AViewController.h */,
				D1D50F7717D7348400089275 /* AViewController.m */,
				D1D50F7817D7348400089275 /* main.m */,
			);
			path = ios;
			sourceTree = "<group>";
		};
		D1D50F8217D742A800089275 /* Utils */ = {
			isa = PBXGroup;
			children = (
				D1D50FDE17D9D20700089275 /* Math */,
				D1D50FA517D7540900089275 /* GlobalConstants.h */,
				D1D50F8517D742DC00089275 /* BinaryReader.cpp */,
				D1D50F8617D742DC00089275 /* BinaryReader.h */,
				D1D50F8717D7430300089275 /* StringUtils.cpp */,
				D1D50F8817D7430300089275 /* StringUtils.h */,
				D1D50F8417D742D000089275 /* USimpleContainer.h */,
				D1D50F8317D742C400089275 /* MyRandom.h */,
			);
			path = Utils;
			sourceTree = "<group>";
		};
		D1D50FDE17D9D20700089275 /* Math */ = {
			isa = PBXGroup;
			children = (
				D175813617DCB3820060E2F6 /* MathTypes.h */,
				D175815717DCC2270060E2F6 /* Matrix3.h */,
				D175813817DCB42C0060E2F6 /* Matrix4.h */,
				D175813917DCB9CA0060E2F6 /* Vector2.h */,
				D175813A17DCB9CA0060E2F6 /* Vector3.h */,
				D175813B17DCB9CA0060E2F6 /* Vector4.h */,
				D175815817DCC43F0060E2F6 /* Math.h */,
			);
			path = Math;
			sourceTree = "<group>";
		};
		D1D50FDF17D9D26800089275 /* Game */ = {
			isa = PBXGroup;
			children = (
				D168392317EA16CC003BA41F /* Game.cpp */,
				D168392417EA16D4003BA41F /* Game.h */,
				D1D50F5617D7342800089275 /* Supporting Files */,
				D1D50FE117D9D27D00089275 /* Game */,
				D1D50FE017D9D27700089275 /* Engine */,
			);
			path = Game;
			sourceTree = "<group>";
		};
		D1D50FE017D9D27700089275 /* Engine */ = {
			isa = PBXGroup;
			children = (
				D175817417DCD55D0060E2F6 /* Scene */,
				D175816A17DCC7E90060E2F6 /* ObjectComponents */,
				D175816917DCC7DE0060E2F6 /* Objects */,
				D175815A17DCC6DA0060E2F6 /* Renderer */,
				D175815917DCC6D20060E2F6 /* Scene */,
				D175813C17DCC1530060E2F6 /* Animation */,
				D175812E17DCB29B0060E2F6 /* AEngine.cpp */,
				D175812F17DCB29B0060E2F6 /* AEngine.h */,
				D175813017DCB29B0060E2F6 /* ACamera.cpp */,
				D175813117DCB29B0060E2F6 /* ACamera.h */,
			);
			path = Engine;
			sourceTree = "<group>";
		};
		D1D50FE117D9D27D00089275 /* Game */ = {
			isa = PBXGroup;
			children = (
				D16838F917E9CC52003BA41F /* Interface */,
				D175815E17DCC7880060E2F6 /* Objects */,
				D168391217E9E261003BA41F /* GameController.cpp */,
				D168391317E9E262003BA41F /* GameController.h */,
			);
			path = Game;
			sourceTree = "<group>";
		};
/* End PBXGroup section */

/* Begin PBXNativeTarget section */
		D1D50F4B17D7342800089275 /* Asteroids */ = {
			isa = PBXNativeTarget;
			buildConfigurationList = D1D50F6F17D7342800089275 /* Build configuration list for PBXNativeTarget "Asteroids" */;
			buildPhases = (
				D1D50F4817D7342800089275 /* Sources */,
				D1D50F4917D7342800089275 /* Frameworks */,
				D1D50F4A17D7342800089275 /* Resources */,
			);
			buildRules = (
			);
			dependencies = (
			);
			name = Asteroids;
			productName = Asteroids;
			productReference = D1D50F4C17D7342800089275 /* Asteroids.app */;
			productType = "com.apple.product-type.application";
		};
/* End PBXNativeTarget section */

/* Begin PBXProject section */
		D1D50F4417D7342800089275 /* Project object */ = {
			isa = PBXProject;
			attributes = {
				CLASSPREFIX = A;
				LastUpgradeCheck = 0460;
				ORGANIZATIONNAME = KatekovAnton;
			};
			buildConfigurationList = D1D50F4717D7342800089275 /* Build configuration list for PBXProject "Asteroids" */;
			compatibilityVersion = "Xcode 3.2";
			developmentRegion = English;
			hasScannedForEncodings = 0;
			knownRegions = (
				en,
			);
			mainGroup = D1D50F4317D7342800089275;
			productRefGroup = D1D50F4D17D7342800089275 /* Products */;
			projectDirPath = "";
			projectRoot = "";
			targets = (
				D1D50F4B17D7342800089275 /* Asteroids */,
			);
		};
/* End PBXProject section */

/* Begin PBXResourcesBuildPhase section */
		D1D50F4A17D7342800089275 /* Resources */ = {
			isa = PBXResourcesBuildPhase;
			buildActionMask = 2147483647;
			files = (
				D168392A17EA1DC4003BA41F /* ShaderWireframeObject.fsh in Resources */,
				D168392B17EA1DC5003BA41F /* ShaderWireframeObject.vsh in Resources */,
				D175816717DCC7CA0060E2F6 /* ShaderLine.fsh in Resources */,
				D175816817DCC7CA0060E2F6 /* ShaderLine.vsh in Resources */,
				D1D50F5A17D7342800089275 /* InfoPlist.strings in Resources */,
				D1D50F6217D7342800089275 /* Default.png in Resources */,
				D1D50F6417D7342800089275 /* Default@2x.png in Resources */,
				D1D50F6617D7342800089275 /* Default-568h@2x.png in Resources */,
			);
			runOnlyForDeploymentPostprocessing = 0;
		};
/* End PBXResourcesBuildPhase section */

/* Begin PBXSourcesBuildPhase section */
		D1D50F4817D7342800089275 /* Sources */ = {
			isa = PBXSourcesBuildPhase;
			buildActionMask = 2147483647;
			files = (
				D1D50F7917D7348400089275 /* AAppDelegate.m in Sources */,
				D1D50F7A17D7348400089275 /* AViewController.m in Sources */,
				D1D50F7B17D7348400089275 /* main.m in Sources */,
				D1D50F8917D7434900089275 /* BinaryReader.cpp in Sources */,
				D1D50F8A17D7434B00089275 /* StringUtils.cpp in Sources */,
				D1D50F9117D7438A00089275 /* FileManger.cpp in Sources */,
				D1D50F9217D7438D00089275 /* ios_fileManager.mm in Sources */,
				D1D50F9317D7438F00089275 /* ios_display.mm in Sources */,
				D1D50F9617D743AF00089275 /* GLSurface.m in Sources */,
				D1D50FA117D744A500089275 /* Display.cpp in Sources */,
				D1D50FA417D744AF00089275 /* DisplayPinchDelegate.cpp in Sources */,
				D175813217DCB29B0060E2F6 /* AEngine.cpp in Sources */,
				D175813317DCB29B0060E2F6 /* ACamera.cpp in Sources */,
				D175814F17DCC1690060E2F6 /* MAXAnimationManager.cpp in Sources */,
				D175815017DCC1690060E2F6 /* MAXAnimationBase.cpp in Sources */,
				D175815417DCC1690060E2F6 /* MAXAnimationSequence.cpp in Sources */,
				D175815517DCC1690060E2F6 /* MAXAnimationRepeat.cpp in Sources */,
				D175815617DCC1690060E2F6 /* MAXAnimationWait.cpp in Sources */,
				D175815D17DCC77A0060E2F6 /* MAXDrawPrimitives.cpp in Sources */,
				D175816217DCC7A40060E2F6 /* Shader.cpp in Sources */,
				D175816517DCC7BF0060E2F6 /* ShaderLine.fsh in Sources */,
				D175816617DCC7BF0060E2F6 /* ShaderLine.vsh in Sources */,
				D175816D17DCC8110060E2F6 /* EngineMesh.cpp in Sources */,
				D175817017DCD2F40060E2F6 /* Framebuffer.cpp in Sources */,
				D175817317DCD5580060E2F6 /* RenderSystem.cpp in Sources */,
				D175817717DCD56B0060E2F6 /* SceneSystem.cpp in Sources */,
				D175817C17DCD5750060E2F6 /* SceneGraph.cpp in Sources */,
				D175817D17DCD5750060E2F6 /* SceneGraphNode.cpp in Sources */,
				D175818417DCD60A0060E2F6 /* PivotObject.cpp in Sources */,
				D175818517DCD60A0060E2F6 /* RenderObject.cpp in Sources */,
				D175818617DCD60A0060E2F6 /* UnAnimRenderObject.cpp in Sources */,
				D16838FD17E9D5A7003BA41F /* GameObject.cpp in Sources */,
				D168390017E9D5D7003BA41F /* GameShip.cpp in Sources */,
				D168390317E9D5E6003BA41F /* GameAsteroid.cpp in Sources */,
				D168390617E9D8E9003BA41F /* SimpleWireframeObject.cpp in Sources */,
				D168390F17E9DC30003BA41F /* ObjectBehaviourModel.cpp in Sources */,
				D168391117E9DC30003BA41F /* StaticObjectBehaviorModel.cpp in Sources */,
				D168391417E9E263003BA41F /* GameController.cpp in Sources */,
				D168391917E9FCC5003BA41F /* GameShipBullet.cpp in Sources */,
				D168391C17E9FDB0003BA41F /* ObjectControlledBehaviorModel.cpp in Sources */,
				D168392017EA03AD003BA41F /* EngineWireframe.cpp in Sources */,
				D168392517EA16DA003BA41F /* Game.cpp in Sources */,
				D168392817EA1DAB003BA41F /* ShaderWireframeObject.fsh in Sources */,
				D168392917EA1DAB003BA41F /* ShaderWireframeObject.vsh in Sources */,
			);
			runOnlyForDeploymentPostprocessing = 0;
		};
/* End PBXSourcesBuildPhase section */

/* Begin PBXVariantGroup section */
		D1D50F5817D7342800089275 /* InfoPlist.strings */ = {
			isa = PBXVariantGroup;
			children = (
				D1D50F5917D7342800089275 /* en */,
			);
			name = InfoPlist.strings;
			sourceTree = "<group>";
		};
/* End PBXVariantGroup section */

/* Begin XCBuildConfiguration section */
		D1D50F6D17D7342800089275 /* Debug */ = {
			isa = XCBuildConfiguration;
			buildSettings = {
				ALWAYS_SEARCH_USER_PATHS = NO;
				CLANG_CXX_LANGUAGE_STANDARD = "gnu++0x";
				CLANG_CXX_LIBRARY = "libc++";
				CLANG_ENABLE_OBJC_ARC = YES;
				CLANG_WARN_CONSTANT_CONVERSION = YES;
				CLANG_WARN_EMPTY_BODY = YES;
				CLANG_WARN_ENUM_CONVERSION = YES;
				CLANG_WARN_INT_CONVERSION = YES;
				CLANG_WARN__DUPLICATE_METHOD_MATCH = YES;
				"CODE_SIGN_IDENTITY[sdk=iphoneos*]" = "iPhone Developer";
				COPY_PHASE_STRIP = NO;
				GCC_C_LANGUAGE_STANDARD = gnu99;
				GCC_DYNAMIC_NO_PIC = NO;
				GCC_OPTIMIZATION_LEVEL = 0;
				GCC_PREPROCESSOR_DEFINITIONS = (
					"DEBUG=1",
					"$(inherited)",
				);
				GCC_SYMBOLS_PRIVATE_EXTERN = NO;
				GCC_WARN_ABOUT_RETURN_TYPE = YES;
				GCC_WARN_UNINITIALIZED_AUTOS = YES;
				GCC_WARN_UNUSED_VARIABLE = YES;
				IPHONEOS_DEPLOYMENT_TARGET = 6.1;
				ONLY_ACTIVE_ARCH = YES;
				SDKROOT = iphoneos;
			};
			name = Debug;
		};
		D1D50F6E17D7342800089275 /* Release */ = {
			isa = XCBuildConfiguration;
			buildSettings = {
				ALWAYS_SEARCH_USER_PATHS = NO;
				CLANG_CXX_LANGUAGE_STANDARD = "gnu++0x";
				CLANG_CXX_LIBRARY = "libc++";
				CLANG_ENABLE_OBJC_ARC = YES;
				CLANG_WARN_CONSTANT_CONVERSION = YES;
				CLANG_WARN_EMPTY_BODY = YES;
				CLANG_WARN_ENUM_CONVERSION = YES;
				CLANG_WARN_INT_CONVERSION = YES;
				CLANG_WARN__DUPLICATE_METHOD_MATCH = YES;
				"CODE_SIGN_IDENTITY[sdk=iphoneos*]" = "iPhone Developer";
				COPY_PHASE_STRIP = YES;
				GCC_C_LANGUAGE_STANDARD = gnu99;
				GCC_WARN_ABOUT_RETURN_TYPE = YES;
				GCC_WARN_UNINITIALIZED_AUTOS = YES;
				GCC_WARN_UNUSED_VARIABLE = YES;
				IPHONEOS_DEPLOYMENT_TARGET = 6.1;
				OTHER_CFLAGS = "-DNS_BLOCK_ASSERTIONS=1";
				SDKROOT = iphoneos;
				VALIDATE_PRODUCT = YES;
			};
			name = Release;
		};
		D1D50F7017D7342800089275 /* Debug */ = {
			isa = XCBuildConfiguration;
			buildSettings = {
				CLANG_ENABLE_OBJC_ARC = NO;
				GCC_PRECOMPILE_PREFIX_HEADER = YES;
				GCC_PREFIX_HEADER = "Asteroids/Asteroids-Prefix.pch";
				INFOPLIST_FILE = "Asteroids/Asteroids-Info.plist";
				PRODUCT_NAME = "$(TARGET_NAME)";
				WRAPPER_EXTENSION = app;
			};
			name = Debug;
		};
		D1D50F7117D7342800089275 /* Release */ = {
			isa = XCBuildConfiguration;
			buildSettings = {
				CLANG_ENABLE_OBJC_ARC = NO;
				GCC_PRECOMPILE_PREFIX_HEADER = YES;
				GCC_PREFIX_HEADER = "Asteroids/Asteroids-Prefix.pch";
				INFOPLIST_FILE = "Asteroids/Asteroids-Info.plist";
				PRODUCT_NAME = "$(TARGET_NAME)";
				WRAPPER_EXTENSION = app;
			};
			name = Release;
		};
/* End XCBuildConfiguration section */

/* Begin XCConfigurationList section */
		D1D50F4717D7342800089275 /* Build configuration list for PBXProject "Asteroids" */ = {
			isa = XCConfigurationList;
			buildConfigurations = (
				D1D50F6D17D7342800089275 /* Debug */,
				D1D50F6E17D7342800089275 /* Release */,
			);
			defaultConfigurationIsVisible = 0;
			defaultConfigurationName = Release;
		};
		D1D50F6F17D7342800089275 /* Build configuration list for PBXNativeTarget "Asteroids" */ = {
			isa = XCConfigurationList;
			buildConfigurations = (
				D1D50F7017D7342800089275 /* Debug */,
				D1D50F7117D7342800089275 /* Release */,
			);
			defaultConfigurationIsVisible = 0;
			defaultConfigurationName = Release;
		};
/* End XCConfigurationList section */
	};
	rootObject = D1D50F4417D7342800089275 /* Project object */;
}
